
Microsoft Visual Studio Solution File, Format Version 12.00
# Visual Studio Version 17
VisualStudioVersion = 17.9.34616.47
MinimumVisualStudioVersion = 10.0.40219.1
Project("{9A19103F-16F7-4668-BE54-9A1E7A4F7556}") = "AirTravelList", "AirTravelList\AirTravelList.csproj", "{0F8E4473-95C1-4B38-BEEE-CAEA21151277}"
EndProject
Project("{54435603-DBB4-11D2-8724-00A0C9A8B90C}") = "FlightsManagerSetup", "FlightsManagerSetup\FlightsManagerSetup.vdproj", "{6F1FBD4D-4D19-4AC0-AD06-CE5E29BCACA7}"
EndProject
Global
	GlobalSection(SolutionConfigurationPlatforms) = preSolution
		Debug|Any CPU = Debug|Any CPU
		Release|Any CPU = Release|Any CPU
	EndGlobalSection
	GlobalSection(ProjectConfigurationPlatforms) = postSolution
		{0F8E4473-95C1-4B38-BEEE-CAEA21151277}.Debug|Any CPU.ActiveCfg = Debug|Any CPU
		{0F8E4473-95C1-4B38-BEEE-CAEA21151277}.Debug|Any CPU.Build.0 = Debug|Any CPU
		{0F8E4473-95C1-4B38-BEEE-CAEA21151277}.Release|Any CPU.ActiveCfg = Release|Any CPU
		{0F8E4473-95C1-4B38-BEEE-CAEA21151277}.Release|Any CPU.Build.0 = Release|Any CPU
		{6F1FBD4D-4D19-4AC0-AD06-CE5E29BCACA7}.Debug|Any CPU.ActiveCfg = Debug
		{6F1FBD4D-4D19-4AC0-AD06-CE5E29BCACA7}.Release|Any CPU.ActiveCfg = Release
	EndGlobalSection
	GlobalSection(SolutionProperties) = preSolution
		HideSolutionNode = FALSE
	EndGlobalSection
	GlobalSection(ExtensibilityGlobals) = postSolution
		SolutionGuid = {C3E548EE-DCD5-4D60-97B9-B3AB3042565E}
	EndGlobalSection
EndGlobal
